# THIS IS AN AUTOGENERATED FILE. DO NOT EDIT THIS FILE DIRECTLY.
# yarn lockfile v1


"@types/node@>=8.1.0":
  version "14.11.2"
  resolved "https://registry.yarnpkg.com/@types/node/-/node-14.11.2.tgz#2de1ed6670439387da1c9f549a2ade2b0a799256"
  integrity sha512-jiE3QIxJ8JLNcb1Ps6rDbysDhN4xa8DJJvuC9prr6w+1tIh+QAbYyNF3tyiZNLDBIuBCf4KEcV2UvQm/V60xfA==

qs@^6.6.0:
  version "6.9.4"
  resolved "https://registry.yarnpkg.com/qs/-/qs-6.9.4.tgz#9090b290d1f91728d3c22e54843ca44aea5ab687"
  integrity sha512-A1kFqHekCTM7cz0udomYUoYNWjBebHm/5wzU/XqrBRBNWectVH0QIiN+NEcZ0Dte5hvzHwbr8+XQmguPhJ6WdQ==

stripe@^8.106.0:
  version "8.106.0"
  resolved "https://registry.yarnpkg.com/stripe/-/stripe-8.106.0.tgz#a5bcfc2578cdbf09f062b5c89e05ce184f8e295a"
  integrity sha512-Rbvb5c/9H4Wd3tpQiLPIoMb3WgvC/aigShawx+2Zd4edwht6BWZmn5hjMA4PhSWtvtgvhq9exKdWGSL3QyWu+A==
  dependencies:
    "@types/node" ">=8.1.0"
    qs "^6.6.0"
